
Microsoft Visual Studio Solution File, Format Version 12.00
# Visual Studio Version 17
VisualStudioVersion = 17.0.31903.59
MinimumVisualStudioVersion = 10.0.40219.1
Project("{2150E333-8FDC-42A3-9474-1A3956D46DE8}") = "src", "src", "{BF0B8615-6F19-46D3-A218-9F6372FB96E1}"
EndProject
Project("{2150E333-8FDC-42A3-9474-1A3956D46DE8}") = "Core", "Core", "{39DAEC67-3198-44A2-92E4-1DC78874C82F}"
EndProject
Project("{2150E333-8FDC-42A3-9474-1A3956D46DE8}") = "Aplication", "Aplication", "{167775B8-3917-47BE-9A68-8E53BA71348A}"
EndProject
Project("{2150E333-8FDC-42A3-9474-1A3956D46DE8}") = "Domain", "Domain", "{4D8A9E8C-4AF8-48E3-BE00-611794B908C8}"
EndProject
Project("{2150E333-8FDC-42A3-9474-1A3956D46DE8}") = "Infrastucture", "Infrastucture", "{24E9D3C0-27C4-4670-B8D6-C992D662E5EF}"
EndProject
Project("{2150E333-8FDC-42A3-9474-1A3956D46DE8}") = "WebServives", "WebServives", "{99BC7B30-FD44-43FE-8220-2EF0C08D2B16}"
EndProject
Project("{2150E333-8FDC-42A3-9474-1A3956D46DE8}") = "UserServices", "UserServices", "{49F26BCA-D3AC-4713-B277-740F33E49B3F}"
EndProject
Project("{9A19103F-16F7-4668-BE54-9A1E7A4F7556}") = "Auth0Maui.UserServices", "WebServices\Auth0Maui.UserServices\Auth0Maui.UserServices.csproj", "{650FE93E-7600-4705-A7B9-324BE169977C}"
EndProject
Project("{9A19103F-16F7-4668-BE54-9A1E7A4F7556}") = "Auth0Maui.Aplication", "Auth0Maui.Aplication\Auth0Maui.Aplication.csproj", "{5DD6B862-484F-4487-A11B-E457DFF12E6F}"
EndProject
Project("{9A19103F-16F7-4668-BE54-9A1E7A4F7556}") = "Auth0Maui.Domain", "Core\Domain\Auth0Maui.Domain\Auth0Maui.Domain.csproj", "{789B3FAD-B8EC-4A7C-9C35-746CAB2FEBA0}"
EndProject
Project("{9A19103F-16F7-4668-BE54-9A1E7A4F7556}") = "Auth0Maui.Infrastucture", "Core\Infrastucture\Auth0Maui.Infrastucture\Auth0Maui.Infrastucture.csproj", "{7F36C416-1A6D-4C70-921D-74072965A7F9}"
EndProject
Project("{9A19103F-16F7-4668-BE54-9A1E7A4F7556}") = "AuthoMaui.Aplication", "Core\Aplication\AuthoMaui.Aplication\AuthoMaui.Aplication.csproj", "{7FA39FAA-2E9B-474B-AA98-151CF57D8FE1}"
EndProject
Global
	GlobalSection(SolutionConfigurationPlatforms) = preSolution
		Debug|Any CPU = Debug|Any CPU
		Release|Any CPU = Release|Any CPU
	EndGlobalSection
	GlobalSection(ProjectConfigurationPlatforms) = postSolution
		{650FE93E-7600-4705-A7B9-324BE169977C}.Debug|Any CPU.ActiveCfg = Debug|Any CPU
		{650FE93E-7600-4705-A7B9-324BE169977C}.Debug|Any CPU.Build.0 = Debug|Any CPU
		{650FE93E-7600-4705-A7B9-324BE169977C}.Release|Any CPU.ActiveCfg = Release|Any CPU
		{650FE93E-7600-4705-A7B9-324BE169977C}.Release|Any CPU.Build.0 = Release|Any CPU
		{5DD6B862-484F-4487-A11B-E457DFF12E6F}.Debug|Any CPU.ActiveCfg = Debug|Any CPU
		{5DD6B862-484F-4487-A11B-E457DFF12E6F}.Debug|Any CPU.Build.0 = Debug|Any CPU
		{5DD6B862-484F-4487-A11B-E457DFF12E6F}.Release|Any CPU.ActiveCfg = Release|Any CPU
		{5DD6B862-484F-4487-A11B-E457DFF12E6F}.Release|Any CPU.Build.0 = Release|Any CPU
		{789B3FAD-B8EC-4A7C-9C35-746CAB2FEBA0}.Debug|Any CPU.ActiveCfg = Debug|Any CPU
		{789B3FAD-B8EC-4A7C-9C35-746CAB2FEBA0}.Debug|Any CPU.Build.0 = Debug|Any CPU
		{789B3FAD-B8EC-4A7C-9C35-746CAB2FEBA0}.Release|Any CPU.ActiveCfg = Release|Any CPU
		{789B3FAD-B8EC-4A7C-9C35-746CAB2FEBA0}.Release|Any CPU.Build.0 = Release|Any CPU
		{7F36C416-1A6D-4C70-921D-74072965A7F9}.Debug|Any CPU.ActiveCfg = Debug|Any CPU
		{7F36C416-1A6D-4C70-921D-74072965A7F9}.Debug|Any CPU.Build.0 = Debug|Any CPU
		{7F36C416-1A6D-4C70-921D-74072965A7F9}.Release|Any CPU.ActiveCfg = Release|Any CPU
		{7F36C416-1A6D-4C70-921D-74072965A7F9}.Release|Any CPU.Build.0 = Release|Any CPU
		{7FA39FAA-2E9B-474B-AA98-151CF57D8FE1}.Debug|Any CPU.ActiveCfg = Debug|Any CPU
		{7FA39FAA-2E9B-474B-AA98-151CF57D8FE1}.Debug|Any CPU.Build.0 = Debug|Any CPU
		{7FA39FAA-2E9B-474B-AA98-151CF57D8FE1}.Release|Any CPU.ActiveCfg = Release|Any CPU
		{7FA39FAA-2E9B-474B-AA98-151CF57D8FE1}.Release|Any CPU.Build.0 = Release|Any CPU
	EndGlobalSection
	GlobalSection(SolutionProperties) = preSolution
		HideSolutionNode = FALSE
	EndGlobalSection
	GlobalSection(NestedProjects) = preSolution
		{167775B8-3917-47BE-9A68-8E53BA71348A} = {39DAEC67-3198-44A2-92E4-1DC78874C82F}
		{4D8A9E8C-4AF8-48E3-BE00-611794B908C8} = {39DAEC67-3198-44A2-92E4-1DC78874C82F}
		{24E9D3C0-27C4-4670-B8D6-C992D662E5EF} = {39DAEC67-3198-44A2-92E4-1DC78874C82F}
		{99BC7B30-FD44-43FE-8220-2EF0C08D2B16} = {BF0B8615-6F19-46D3-A218-9F6372FB96E1}
		{49F26BCA-D3AC-4713-B277-740F33E49B3F} = {99BC7B30-FD44-43FE-8220-2EF0C08D2B16}
		{650FE93E-7600-4705-A7B9-324BE169977C} = {49F26BCA-D3AC-4713-B277-740F33E49B3F}
		{5DD6B862-484F-4487-A11B-E457DFF12E6F} = {167775B8-3917-47BE-9A68-8E53BA71348A}
		{789B3FAD-B8EC-4A7C-9C35-746CAB2FEBA0} = {4D8A9E8C-4AF8-48E3-BE00-611794B908C8}
		{7F36C416-1A6D-4C70-921D-74072965A7F9} = {24E9D3C0-27C4-4670-B8D6-C992D662E5EF}
		{7FA39FAA-2E9B-474B-AA98-151CF57D8FE1} = {167775B8-3917-47BE-9A68-8E53BA71348A}
	EndGlobalSection
	GlobalSection(ExtensibilityGlobals) = postSolution
		SolutionGuid = {1FD40CF1-6575-4E79-A753-6DD5C6FF349C}
	EndGlobalSection
EndGlobal
