
Microsoft Visual Studio Solution File, Format Version 12.00
# Visual Studio Version 17
VisualStudioVersion = 17.0.31903.59
MinimumVisualStudioVersion = 10.0.40219.1
Project("{2150E333-8FDC-42A3-9474-1A3956D46DE8}") = "src", "src", "{BF0B8615-6F19-46D3-A218-9F6372FB96E1}"
EndProject
Project("{2150E333-8FDC-42A3-9474-1A3956D46DE8}") = "Core", "Core", "{39DAEC67-3198-44A2-92E4-1DC78874C82F}"
EndProject
Project("{2150E333-8FDC-42A3-9474-1A3956D46DE8}") = "Aplication", "Aplication", "{167775B8-3917-47BE-9A68-8E53BA71348A}"
EndProject
Project("{2150E333-8FDC-42A3-9474-1A3956D46DE8}") = "Domain", "Domain", "{4D8A9E8C-4AF8-48E3-BE00-611794B908C8}"
EndProject
Project("{2150E333-8FDC-42A3-9474-1A3956D46DE8}") = "Infrastucture", "Infrastucture", "{24E9D3C0-27C4-4670-B8D6-C992D662E5EF}"
EndProject
Project("{FAE04EC0-301F-11D3-BF4B-00C04F79EFBC}") = "Auth0Maui.Aplication", "Auth0Maui.Web.Api\Auth0Maui.Aplication\Auth0Maui.Aplication.csproj", "{1C1F9D1D-4920-43F4-BFA1-64F3150F05EE}"
EndProject
Project("{FAE04EC0-301F-11D3-BF4B-00C04F79EFBC}") = "Auth0Maui.Domain", "Auth0Maui.Web.Api\Auth0Maui.Domain\Auth0Maui.Domain.csproj", "{46DEABFF-05E1-4677-883B-24AC418A677D}"
EndProject
Project("{FAE04EC0-301F-11D3-BF4B-00C04F79EFBC}") = "Auth0Maui.Infrastucture", "Auth0Maui.Web.Api\Auth0Maui.Infrastucture\Auth0Maui.Infrastucture.csproj", "{44645EC9-3E47-48DC-B2B0-2FE4DC057A5D}"
EndProject
Project("{2150E333-8FDC-42A3-9474-1A3956D46DE8}") = "WebServives", "WebServives", "{99BC7B30-FD44-43FE-8220-2EF0C08D2B16}"
EndProject
Project("{2150E333-8FDC-42A3-9474-1A3956D46DE8}") = "UserServices", "UserServices", "{49F26BCA-D3AC-4713-B277-740F33E49B3F}"
EndProject
Project("{FAE04EC0-301F-11D3-BF4B-00C04F79EFBC}") = "Auth0Maui.UserServices", "WebServices\Auth0Maui.UserServices\Auth0Maui.UserServices.csproj", "{650FE93E-7600-4705-A7B9-324BE169977C}"
EndProject
Global
	GlobalSection(SolutionConfigurationPlatforms) = preSolution
		Debug|Any CPU = Debug|Any CPU
		Release|Any CPU = Release|Any CPU
	EndGlobalSection
	GlobalSection(ProjectConfigurationPlatforms) = postSolution
		{1C1F9D1D-4920-43F4-BFA1-64F3150F05EE}.Debug|Any CPU.ActiveCfg = Debug|Any CPU
		{1C1F9D1D-4920-43F4-BFA1-64F3150F05EE}.Debug|Any CPU.Build.0 = Debug|Any CPU
		{1C1F9D1D-4920-43F4-BFA1-64F3150F05EE}.Release|Any CPU.ActiveCfg = Release|Any CPU
		{1C1F9D1D-4920-43F4-BFA1-64F3150F05EE}.Release|Any CPU.Build.0 = Release|Any CPU
		{46DEABFF-05E1-4677-883B-24AC418A677D}.Debug|Any CPU.ActiveCfg = Debug|Any CPU
		{46DEABFF-05E1-4677-883B-24AC418A677D}.Debug|Any CPU.Build.0 = Debug|Any CPU
		{46DEABFF-05E1-4677-883B-24AC418A677D}.Release|Any CPU.ActiveCfg = Release|Any CPU
		{46DEABFF-05E1-4677-883B-24AC418A677D}.Release|Any CPU.Build.0 = Release|Any CPU
		{44645EC9-3E47-48DC-B2B0-2FE4DC057A5D}.Debug|Any CPU.ActiveCfg = Debug|Any CPU
		{44645EC9-3E47-48DC-B2B0-2FE4DC057A5D}.Debug|Any CPU.Build.0 = Debug|Any CPU
		{44645EC9-3E47-48DC-B2B0-2FE4DC057A5D}.Release|Any CPU.ActiveCfg = Release|Any CPU
		{44645EC9-3E47-48DC-B2B0-2FE4DC057A5D}.Release|Any CPU.Build.0 = Release|Any CPU
		{650FE93E-7600-4705-A7B9-324BE169977C}.Debug|Any CPU.ActiveCfg = Debug|Any CPU
		{650FE93E-7600-4705-A7B9-324BE169977C}.Debug|Any CPU.Build.0 = Debug|Any CPU
		{650FE93E-7600-4705-A7B9-324BE169977C}.Release|Any CPU.ActiveCfg = Release|Any CPU
		{650FE93E-7600-4705-A7B9-324BE169977C}.Release|Any CPU.Build.0 = Release|Any CPU
	EndGlobalSection
	GlobalSection(SolutionProperties) = preSolution
		HideSolutionNode = FALSE
	EndGlobalSection
	GlobalSection(NestedProjects) = preSolution
		{167775B8-3917-47BE-9A68-8E53BA71348A} = {39DAEC67-3198-44A2-92E4-1DC78874C82F}
		{4D8A9E8C-4AF8-48E3-BE00-611794B908C8} = {39DAEC67-3198-44A2-92E4-1DC78874C82F}
		{24E9D3C0-27C4-4670-B8D6-C992D662E5EF} = {39DAEC67-3198-44A2-92E4-1DC78874C82F}
		{1C1F9D1D-4920-43F4-BFA1-64F3150F05EE} = {167775B8-3917-47BE-9A68-8E53BA71348A}
		{46DEABFF-05E1-4677-883B-24AC418A677D} = {4D8A9E8C-4AF8-48E3-BE00-611794B908C8}
		{44645EC9-3E47-48DC-B2B0-2FE4DC057A5D} = {24E9D3C0-27C4-4670-B8D6-C992D662E5EF}
		{99BC7B30-FD44-43FE-8220-2EF0C08D2B16} = {BF0B8615-6F19-46D3-A218-9F6372FB96E1}
		{49F26BCA-D3AC-4713-B277-740F33E49B3F} = {99BC7B30-FD44-43FE-8220-2EF0C08D2B16}
		{650FE93E-7600-4705-A7B9-324BE169977C} = {49F26BCA-D3AC-4713-B277-740F33E49B3F}
	EndGlobalSection
	GlobalSection(ExtensibilityGlobals) = postSolution
		SolutionGuid = {1FD40CF1-6575-4E79-A753-6DD5C6FF349C}
	EndGlobalSection
EndGlobal
