
Microsoft Visual Studio Solution File, Format Version 12.00
# Visual Studio Version 17
VisualStudioVersion = 17.8.34330.188
MinimumVisualStudioVersion = 10.0.40219.1
Project("{9A19103F-16F7-4668-BE54-9A1E7A4F7556}") = "AuthoMaui.MAUI", "Auth0Maui\AuthoMaui.MAUI.csproj", "{D0099604-0B12-4789-8F1E-5CED5F169339}"
EndProject
Project("{9A19103F-16F7-4668-BE54-9A1E7A4F7556}") = "Auth0Maui.Domain", "Auth0Maui.Domain\Auth0Maui.Domain.csproj", "{DF96FEDA-EA7F-4FAA-B7F5-A269FC7D95C6}"
EndProject
Global
	GlobalSection(SolutionConfigurationPlatforms) = preSolution
		Debug|Any CPU = Debug|Any CPU
		Release|Any CPU = Release|Any CPU
	EndGlobalSection
	GlobalSection(ProjectConfigurationPlatforms) = postSolution
		{D0099604-0B12-4789-8F1E-5CED5F169339}.Debug|Any CPU.ActiveCfg = Debug|Any CPU
		{D0099604-0B12-4789-8F1E-5CED5F169339}.Debug|Any CPU.Build.0 = Debug|Any CPU
		{D0099604-0B12-4789-8F1E-5CED5F169339}.Debug|Any CPU.Deploy.0 = Debug|Any CPU
		{D0099604-0B12-4789-8F1E-5CED5F169339}.Release|Any CPU.ActiveCfg = Release|Any CPU
		{D0099604-0B12-4789-8F1E-5CED5F169339}.Release|Any CPU.Build.0 = Release|Any CPU
		{D0099604-0B12-4789-8F1E-5CED5F169339}.Release|Any CPU.Deploy.0 = Release|Any CPU
		{DF96FEDA-EA7F-4FAA-B7F5-A269FC7D95C6}.Debug|Any CPU.ActiveCfg = Debug|Any CPU
		{DF96FEDA-EA7F-4FAA-B7F5-A269FC7D95C6}.Debug|Any CPU.Build.0 = Debug|Any CPU
		{DF96FEDA-EA7F-4FAA-B7F5-A269FC7D95C6}.Release|Any CPU.ActiveCfg = Release|Any CPU
		{DF96FEDA-EA7F-4FAA-B7F5-A269FC7D95C6}.Release|Any CPU.Build.0 = Release|Any CPU
	EndGlobalSection
	GlobalSection(SolutionProperties) = preSolution
		HideSolutionNode = FALSE
	EndGlobalSection
	GlobalSection(ExtensibilityGlobals) = postSolution
		SolutionGuid = {2AD8CFB2-91CC-4481-9B7C-5A25FD0D87D5}
	EndGlobalSection
EndGlobal
